
Microsoft Visual Studio Solution File, Format Version 12.00
# Visual Studio Version 16
VisualStudioVersion = 16.0.30011.22
MinimumVisualStudioVersion = 10.0.40219.1
Project("{8BC9CEB8-8B4A-11D0-8D11-00A0C91BC942}") = "baseballgame", "baseballgame\baseballgame.vcxproj", "{7FF9748A-3D6D-4DFE-A2B6-1D6DCC9DBDCB}"
EndProject
Project("{8BC9CEB8-8B4A-11D0-8D11-00A0C91BC942}") = "baseBallGameRef_puzzleGameRef", "baseBallGameRef\baseBallGameRef.vcxproj", "{88C3EF3E-F6E5-4541-9971-CC5867657F0B}"
EndProject
Project("{8BC9CEB8-8B4A-11D0-8D11-00A0C91BC942}") = "BingGO", "BingGO\BingGO.vcxproj", "{517FFB42-1EC8-4678-94B4-16192965B664}"
EndProject
Project("{8BC9CEB8-8B4A-11D0-8D11-00A0C91BC942}") = "Structure_stringF_stdManagePg", "Structure_stringF\Structure_stringF.vcxproj", "{9D05D86F-089D-42A4-9030-6B086DAE6AE1}"
EndProject
Project("{8BC9CEB8-8B4A-11D0-8D11-00A0C91BC942}") = "type_oper_condition", "type_oper_condition\type_oper_condition.vcxproj", "{EEF0CB4E-AE7A-4830-AC81-52B682EE7F57}"
EndProject
Project("{8BC9CEB8-8B4A-11D0-8D11-00A0C91BC942}") = "oper_rand_buff", "oper_rand_buff\oper_rand_buff.vcxproj", "{DF400DEC-E364-4360-BE60-B04966375F78}"
EndProject
Project("{8BC9CEB8-8B4A-11D0-8D11-00A0C91BC942}") = "arr_rand_lotto", "arr_rand_lotto\arr_rand_lotto.vcxproj", "{4CD4B54C-94CE-4486-B2A5-B2CB1B767B12}"
EndProject
Project("{8BC9CEB8-8B4A-11D0-8D11-00A0C91BC942}") = "enum_switch_iterPractice", "enum_switch_iterPractice\enum_switch_iterPractice.vcxproj", "{96CED1C9-DF1D-4672-8E9E-29331675BEB1}"
EndProject
Project("{8BC9CEB8-8B4A-11D0-8D11-00A0C91BC942}") = "TextRPG", "TextRPG\TextRPG.vcxproj", "{490426EB-DBA4-4C8D-9D69-8973E186BEA0}"
EndProject
Project("{8BC9CEB8-8B4A-11D0-8D11-00A0C91BC942}") = "PointerTheory", "PointerTheory\PointerTheory.vcxproj", "{7C34DFC8-38F0-4DD9-99A3-89D897E3BE4F}"
EndProject
Project("{8BC9CEB8-8B4A-11D0-8D11-00A0C91BC942}") = "Function", "Function\Function.vcxproj", "{E69E02C3-483D-4C3B-A2C0-C090ECF5DB74}"
EndProject
Project("{8BC9CEB8-8B4A-11D0-8D11-00A0C91BC942}") = "TextRPG_Func", "TextRPG_Func\TextRPG_Func.vcxproj", "{B34DBF46-23D2-45F3-8CC6-7634114D1483}"
EndProject
Project("{8BC9CEB8-8B4A-11D0-8D11-00A0C91BC942}") = "Labyrinth", "Labyrinth\Labyrinth.vcxproj", "{C30EED85-80D9-47DD-A144-686589949ACB}"
EndProject
Project("{8BC9CEB8-8B4A-11D0-8D11-00A0C91BC942}") = "DynamicMemory_LinkedList", "DynamicMemory\DynamicMemory.vcxproj", "{93E17E7F-C93C-4350-BBB3-A4E0D17E1650}"
EndProject
Project("{8BC9CEB8-8B4A-11D0-8D11-00A0C91BC942}") = "DoubleLinkedList", "DoubleLinkedList\DoubleLinkedList.vcxproj", "{249FE96B-C432-4351-973A-7282318E034A}"
EndProject
Project("{8BC9CEB8-8B4A-11D0-8D11-00A0C91BC942}") = "FileIO", "FileIO\FileIO.vcxproj", "{B89828E0-DC20-498E-AA43-35E582BB6249}"
EndProject
Project("{8BC9CEB8-8B4A-11D0-8D11-00A0C91BC942}") = "BinaryFile", "BinaryFile\BinaryFile.vcxproj", "{BF969B5F-6A74-407F-BC6F-9B9F2D563871}"
EndProject
Project("{8BC9CEB8-8B4A-11D0-8D11-00A0C91BC942}") = "Reference_Class", "Reference_Class\Reference_Class.vcxproj", "{8E0941CE-085C-4342-B5FB-BB08A80F3C19}"
EndProject
Global
	GlobalSection(SolutionConfigurationPlatforms) = preSolution
		Debug|x64 = Debug|x64
		Debug|x86 = Debug|x86
		Release|x64 = Release|x64
		Release|x86 = Release|x86
	EndGlobalSection
	GlobalSection(ProjectConfigurationPlatforms) = postSolution
		{7FF9748A-3D6D-4DFE-A2B6-1D6DCC9DBDCB}.Debug|x64.ActiveCfg = Debug|x64
		{7FF9748A-3D6D-4DFE-A2B6-1D6DCC9DBDCB}.Debug|x64.Build.0 = Debug|x64
		{7FF9748A-3D6D-4DFE-A2B6-1D6DCC9DBDCB}.Debug|x86.ActiveCfg = Debug|Win32
		{7FF9748A-3D6D-4DFE-A2B6-1D6DCC9DBDCB}.Debug|x86.Build.0 = Debug|Win32
		{7FF9748A-3D6D-4DFE-A2B6-1D6DCC9DBDCB}.Release|x64.ActiveCfg = Release|x64
		{7FF9748A-3D6D-4DFE-A2B6-1D6DCC9DBDCB}.Release|x64.Build.0 = Release|x64
		{7FF9748A-3D6D-4DFE-A2B6-1D6DCC9DBDCB}.Release|x86.ActiveCfg = Release|Win32
		{7FF9748A-3D6D-4DFE-A2B6-1D6DCC9DBDCB}.Release|x86.Build.0 = Release|Win32
		{88C3EF3E-F6E5-4541-9971-CC5867657F0B}.Debug|x64.ActiveCfg = Debug|x64
		{88C3EF3E-F6E5-4541-9971-CC5867657F0B}.Debug|x64.Build.0 = Debug|x64
		{88C3EF3E-F6E5-4541-9971-CC5867657F0B}.Debug|x86.ActiveCfg = Debug|Win32
		{88C3EF3E-F6E5-4541-9971-CC5867657F0B}.Debug|x86.Build.0 = Debug|Win32
		{88C3EF3E-F6E5-4541-9971-CC5867657F0B}.Release|x64.ActiveCfg = Release|x64
		{88C3EF3E-F6E5-4541-9971-CC5867657F0B}.Release|x64.Build.0 = Release|x64
		{88C3EF3E-F6E5-4541-9971-CC5867657F0B}.Release|x86.ActiveCfg = Release|Win32
		{88C3EF3E-F6E5-4541-9971-CC5867657F0B}.Release|x86.Build.0 = Release|Win32
		{517FFB42-1EC8-4678-94B4-16192965B664}.Debug|x64.ActiveCfg = Debug|x64
		{517FFB42-1EC8-4678-94B4-16192965B664}.Debug|x64.Build.0 = Debug|x64
		{517FFB42-1EC8-4678-94B4-16192965B664}.Debug|x86.ActiveCfg = Debug|Win32
		{517FFB42-1EC8-4678-94B4-16192965B664}.Debug|x86.Build.0 = Debug|Win32
		{517FFB42-1EC8-4678-94B4-16192965B664}.Release|x64.ActiveCfg = Release|x64
		{517FFB42-1EC8-4678-94B4-16192965B664}.Release|x64.Build.0 = Release|x64
		{517FFB42-1EC8-4678-94B4-16192965B664}.Release|x86.ActiveCfg = Release|Win32
		{517FFB42-1EC8-4678-94B4-16192965B664}.Release|x86.Build.0 = Release|Win32
		{9D05D86F-089D-42A4-9030-6B086DAE6AE1}.Debug|x64.ActiveCfg = Debug|x64
		{9D05D86F-089D-42A4-9030-6B086DAE6AE1}.Debug|x64.Build.0 = Debug|x64
		{9D05D86F-089D-42A4-9030-6B086DAE6AE1}.Debug|x86.ActiveCfg = Debug|Win32
		{9D05D86F-089D-42A4-9030-6B086DAE6AE1}.Debug|x86.Build.0 = Debug|Win32
		{9D05D86F-089D-42A4-9030-6B086DAE6AE1}.Release|x64.ActiveCfg = Release|x64
		{9D05D86F-089D-42A4-9030-6B086DAE6AE1}.Release|x64.Build.0 = Release|x64
		{9D05D86F-089D-42A4-9030-6B086DAE6AE1}.Release|x86.ActiveCfg = Release|Win32
		{9D05D86F-089D-42A4-9030-6B086DAE6AE1}.Release|x86.Build.0 = Release|Win32
		{EEF0CB4E-AE7A-4830-AC81-52B682EE7F57}.Debug|x64.ActiveCfg = Debug|x64
		{EEF0CB4E-AE7A-4830-AC81-52B682EE7F57}.Debug|x64.Build.0 = Debug|x64
		{EEF0CB4E-AE7A-4830-AC81-52B682EE7F57}.Debug|x86.ActiveCfg = Debug|Win32
		{EEF0CB4E-AE7A-4830-AC81-52B682EE7F57}.Debug|x86.Build.0 = Debug|Win32
		{EEF0CB4E-AE7A-4830-AC81-52B682EE7F57}.Release|x64.ActiveCfg = Release|x64
		{EEF0CB4E-AE7A-4830-AC81-52B682EE7F57}.Release|x64.Build.0 = Release|x64
		{EEF0CB4E-AE7A-4830-AC81-52B682EE7F57}.Release|x86.ActiveCfg = Release|Win32
		{EEF0CB4E-AE7A-4830-AC81-52B682EE7F57}.Release|x86.Build.0 = Release|Win32
		{DF400DEC-E364-4360-BE60-B04966375F78}.Debug|x64.ActiveCfg = Debug|x64
		{DF400DEC-E364-4360-BE60-B04966375F78}.Debug|x64.Build.0 = Debug|x64
		{DF400DEC-E364-4360-BE60-B04966375F78}.Debug|x86.ActiveCfg = Debug|Win32
		{DF400DEC-E364-4360-BE60-B04966375F78}.Debug|x86.Build.0 = Debug|Win32
		{DF400DEC-E364-4360-BE60-B04966375F78}.Release|x64.ActiveCfg = Release|x64
		{DF400DEC-E364-4360-BE60-B04966375F78}.Release|x64.Build.0 = Release|x64
		{DF400DEC-E364-4360-BE60-B04966375F78}.Release|x86.ActiveCfg = Release|Win32
		{DF400DEC-E364-4360-BE60-B04966375F78}.Release|x86.Build.0 = Release|Win32
		{4CD4B54C-94CE-4486-B2A5-B2CB1B767B12}.Debug|x64.ActiveCfg = Debug|x64
		{4CD4B54C-94CE-4486-B2A5-B2CB1B767B12}.Debug|x64.Build.0 = Debug|x64
		{4CD4B54C-94CE-4486-B2A5-B2CB1B767B12}.Debug|x86.ActiveCfg = Debug|Win32
		{4CD4B54C-94CE-4486-B2A5-B2CB1B767B12}.Debug|x86.Build.0 = Debug|Win32
		{4CD4B54C-94CE-4486-B2A5-B2CB1B767B12}.Release|x64.ActiveCfg = Release|x64
		{4CD4B54C-94CE-4486-B2A5-B2CB1B767B12}.Release|x64.Build.0 = Release|x64
		{4CD4B54C-94CE-4486-B2A5-B2CB1B767B12}.Release|x86.ActiveCfg = Release|Win32
		{4CD4B54C-94CE-4486-B2A5-B2CB1B767B12}.Release|x86.Build.0 = Release|Win32
		{96CED1C9-DF1D-4672-8E9E-29331675BEB1}.Debug|x64.ActiveCfg = Debug|x64
		{96CED1C9-DF1D-4672-8E9E-29331675BEB1}.Debug|x64.Build.0 = Debug|x64
		{96CED1C9-DF1D-4672-8E9E-29331675BEB1}.Debug|x86.ActiveCfg = Debug|Win32
		{96CED1C9-DF1D-4672-8E9E-29331675BEB1}.Debug|x86.Build.0 = Debug|Win32
		{96CED1C9-DF1D-4672-8E9E-29331675BEB1}.Release|x64.ActiveCfg = Release|x64
		{96CED1C9-DF1D-4672-8E9E-29331675BEB1}.Release|x64.Build.0 = Release|x64
		{96CED1C9-DF1D-4672-8E9E-29331675BEB1}.Release|x86.ActiveCfg = Release|Win32
		{96CED1C9-DF1D-4672-8E9E-29331675BEB1}.Release|x86.Build.0 = Release|Win32
		{490426EB-DBA4-4C8D-9D69-8973E186BEA0}.Debug|x64.ActiveCfg = Debug|x64
		{490426EB-DBA4-4C8D-9D69-8973E186BEA0}.Debug|x64.Build.0 = Debug|x64
		{490426EB-DBA4-4C8D-9D69-8973E186BEA0}.Debug|x86.ActiveCfg = Debug|Win32
		{490426EB-DBA4-4C8D-9D69-8973E186BEA0}.Debug|x86.Build.0 = Debug|Win32
		{490426EB-DBA4-4C8D-9D69-8973E186BEA0}.Release|x64.ActiveCfg = Release|x64
		{490426EB-DBA4-4C8D-9D69-8973E186BEA0}.Release|x64.Build.0 = Release|x64
		{490426EB-DBA4-4C8D-9D69-8973E186BEA0}.Release|x86.ActiveCfg = Release|Win32
		{490426EB-DBA4-4C8D-9D69-8973E186BEA0}.Release|x86.Build.0 = Release|Win32
		{7C34DFC8-38F0-4DD9-99A3-89D897E3BE4F}.Debug|x64.ActiveCfg = Debug|x64
		{7C34DFC8-38F0-4DD9-99A3-89D897E3BE4F}.Debug|x64.Build.0 = Debug|x64
		{7C34DFC8-38F0-4DD9-99A3-89D897E3BE4F}.Debug|x86.ActiveCfg = Debug|Win32
		{7C34DFC8-38F0-4DD9-99A3-89D897E3BE4F}.Debug|x86.Build.0 = Debug|Win32
		{7C34DFC8-38F0-4DD9-99A3-89D897E3BE4F}.Release|x64.ActiveCfg = Release|x64
		{7C34DFC8-38F0-4DD9-99A3-89D897E3BE4F}.Release|x64.Build.0 = Release|x64
		{7C34DFC8-38F0-4DD9-99A3-89D897E3BE4F}.Release|x86.ActiveCfg = Release|Win32
		{7C34DFC8-38F0-4DD9-99A3-89D897E3BE4F}.Release|x86.Build.0 = Release|Win32
		{E69E02C3-483D-4C3B-A2C0-C090ECF5DB74}.Debug|x64.ActiveCfg = Debug|x64
		{E69E02C3-483D-4C3B-A2C0-C090ECF5DB74}.Debug|x64.Build.0 = Debug|x64
		{E69E02C3-483D-4C3B-A2C0-C090ECF5DB74}.Debug|x86.ActiveCfg = Debug|Win32
		{E69E02C3-483D-4C3B-A2C0-C090ECF5DB74}.Debug|x86.Build.0 = Debug|Win32
		{E69E02C3-483D-4C3B-A2C0-C090ECF5DB74}.Release|x64.ActiveCfg = Release|x64
		{E69E02C3-483D-4C3B-A2C0-C090ECF5DB74}.Release|x64.Build.0 = Release|x64
		{E69E02C3-483D-4C3B-A2C0-C090ECF5DB74}.Release|x86.ActiveCfg = Release|Win32
		{E69E02C3-483D-4C3B-A2C0-C090ECF5DB74}.Release|x86.Build.0 = Release|Win32
		{B34DBF46-23D2-45F3-8CC6-7634114D1483}.Debug|x64.ActiveCfg = Debug|x64
		{B34DBF46-23D2-45F3-8CC6-7634114D1483}.Debug|x64.Build.0 = Debug|x64
		{B34DBF46-23D2-45F3-8CC6-7634114D1483}.Debug|x86.ActiveCfg = Debug|Win32
		{B34DBF46-23D2-45F3-8CC6-7634114D1483}.Debug|x86.Build.0 = Debug|Win32
		{B34DBF46-23D2-45F3-8CC6-7634114D1483}.Release|x64.ActiveCfg = Release|x64
		{B34DBF46-23D2-45F3-8CC6-7634114D1483}.Release|x64.Build.0 = Release|x64
		{B34DBF46-23D2-45F3-8CC6-7634114D1483}.Release|x86.ActiveCfg = Release|Win32
		{B34DBF46-23D2-45F3-8CC6-7634114D1483}.Release|x86.Build.0 = Release|Win32
		{C30EED85-80D9-47DD-A144-686589949ACB}.Debug|x64.ActiveCfg = Debug|x64
		{C30EED85-80D9-47DD-A144-686589949ACB}.Debug|x64.Build.0 = Debug|x64
		{C30EED85-80D9-47DD-A144-686589949ACB}.Debug|x86.ActiveCfg = Debug|Win32
		{C30EED85-80D9-47DD-A144-686589949ACB}.Debug|x86.Build.0 = Debug|Win32
		{C30EED85-80D9-47DD-A144-686589949ACB}.Release|x64.ActiveCfg = Release|x64
		{C30EED85-80D9-47DD-A144-686589949ACB}.Release|x64.Build.0 = Release|x64
		{C30EED85-80D9-47DD-A144-686589949ACB}.Release|x86.ActiveCfg = Release|Win32
		{C30EED85-80D9-47DD-A144-686589949ACB}.Release|x86.Build.0 = Release|Win32
		{93E17E7F-C93C-4350-BBB3-A4E0D17E1650}.Debug|x64.ActiveCfg = Debug|x64
		{93E17E7F-C93C-4350-BBB3-A4E0D17E1650}.Debug|x64.Build.0 = Debug|x64
		{93E17E7F-C93C-4350-BBB3-A4E0D17E1650}.Debug|x86.ActiveCfg = Debug|Win32
		{93E17E7F-C93C-4350-BBB3-A4E0D17E1650}.Debug|x86.Build.0 = Debug|Win32
		{93E17E7F-C93C-4350-BBB3-A4E0D17E1650}.Release|x64.ActiveCfg = Release|x64
		{93E17E7F-C93C-4350-BBB3-A4E0D17E1650}.Release|x64.Build.0 = Release|x64
		{93E17E7F-C93C-4350-BBB3-A4E0D17E1650}.Release|x86.ActiveCfg = Release|Win32
		{93E17E7F-C93C-4350-BBB3-A4E0D17E1650}.Release|x86.Build.0 = Release|Win32
		{249FE96B-C432-4351-973A-7282318E034A}.Debug|x64.ActiveCfg = Debug|x64
		{249FE96B-C432-4351-973A-7282318E034A}.Debug|x64.Build.0 = Debug|x64
		{249FE96B-C432-4351-973A-7282318E034A}.Debug|x86.ActiveCfg = Debug|Win32
		{249FE96B-C432-4351-973A-7282318E034A}.Debug|x86.Build.0 = Debug|Win32
		{249FE96B-C432-4351-973A-7282318E034A}.Release|x64.ActiveCfg = Release|x64
		{249FE96B-C432-4351-973A-7282318E034A}.Release|x64.Build.0 = Release|x64
		{249FE96B-C432-4351-973A-7282318E034A}.Release|x86.ActiveCfg = Release|Win32
		{249FE96B-C432-4351-973A-7282318E034A}.Release|x86.Build.0 = Release|Win32
		{B89828E0-DC20-498E-AA43-35E582BB6249}.Debug|x64.ActiveCfg = Debug|x64
		{B89828E0-DC20-498E-AA43-35E582BB6249}.Debug|x64.Build.0 = Debug|x64
		{B89828E0-DC20-498E-AA43-35E582BB6249}.Debug|x86.ActiveCfg = Debug|Win32
		{B89828E0-DC20-498E-AA43-35E582BB6249}.Debug|x86.Build.0 = Debug|Win32
		{B89828E0-DC20-498E-AA43-35E582BB6249}.Release|x64.ActiveCfg = Release|x64
		{B89828E0-DC20-498E-AA43-35E582BB6249}.Release|x64.Build.0 = Release|x64
		{B89828E0-DC20-498E-AA43-35E582BB6249}.Release|x86.ActiveCfg = Release|Win32
		{B89828E0-DC20-498E-AA43-35E582BB6249}.Release|x86.Build.0 = Release|Win32
		{BF969B5F-6A74-407F-BC6F-9B9F2D563871}.Debug|x64.ActiveCfg = Debug|x64
		{BF969B5F-6A74-407F-BC6F-9B9F2D563871}.Debug|x64.Build.0 = Debug|x64
		{BF969B5F-6A74-407F-BC6F-9B9F2D563871}.Debug|x86.ActiveCfg = Debug|Win32
		{BF969B5F-6A74-407F-BC6F-9B9F2D563871}.Debug|x86.Build.0 = Debug|Win32
		{BF969B5F-6A74-407F-BC6F-9B9F2D563871}.Release|x64.ActiveCfg = Release|x64
		{BF969B5F-6A74-407F-BC6F-9B9F2D563871}.Release|x64.Build.0 = Release|x64
		{BF969B5F-6A74-407F-BC6F-9B9F2D563871}.Release|x86.ActiveCfg = Release|Win32
		{BF969B5F-6A74-407F-BC6F-9B9F2D563871}.Release|x86.Build.0 = Release|Win32
		{8E0941CE-085C-4342-B5FB-BB08A80F3C19}.Debug|x64.ActiveCfg = Debug|x64
		{8E0941CE-085C-4342-B5FB-BB08A80F3C19}.Debug|x64.Build.0 = Debug|x64
		{8E0941CE-085C-4342-B5FB-BB08A80F3C19}.Debug|x86.ActiveCfg = Debug|Win32
		{8E0941CE-085C-4342-B5FB-BB08A80F3C19}.Debug|x86.Build.0 = Debug|Win32
		{8E0941CE-085C-4342-B5FB-BB08A80F3C19}.Release|x64.ActiveCfg = Release|x64
		{8E0941CE-085C-4342-B5FB-BB08A80F3C19}.Release|x64.Build.0 = Release|x64
		{8E0941CE-085C-4342-B5FB-BB08A80F3C19}.Release|x86.ActiveCfg = Release|Win32
		{8E0941CE-085C-4342-B5FB-BB08A80F3C19}.Release|x86.Build.0 = Release|Win32
	EndGlobalSection
	GlobalSection(SolutionProperties) = preSolution
		HideSolutionNode = FALSE
	EndGlobalSection
	GlobalSection(ExtensibilityGlobals) = postSolution
		SolutionGuid = {BAA509C2-AE23-4C7D-A6F0-D932B37747AA}
	EndGlobalSection
EndGlobal
