<?xml version="1.0" encoding="utf-8"?>
<Project ToolsVersion="4.0" xmlns="http://schemas.microsoft.com/developer/msbuild/2003">
  <ItemGroup>
    <Filter Include="소스 파일">
      <UniqueIdentifier>{4FC737F1-C7A5-4376-A066-2A32D752A2FF}</UniqueIdentifier>
      <Extensions>cpp;c;cc;cxx;c++;def;odl;idl;hpj;bat;asm;asmx</Extensions>
    </Filter>
    <Filter Include="헤더 파일">
      <UniqueIdentifier>{93995380-89BD-4b04-88EB-625FBE52EBFB}</UniqueIdentifier>
      <Extensions>h;hh;hpp;hxx;h++;hm;inl;inc;ipp;xsd</Extensions>
    </Filter>
    <Filter Include="리소스 파일">
      <UniqueIdentifier>{67DA6AB6-F800-4c08-8B7A-83BB121AAD01}</UniqueIdentifier>
      <Extensions>rc;ico;cur;bmp;dlg;rc2;rct;bin;rgs;gif;jpg;jpeg;jpe;resx;tiff;tif;png;wav;mfcribbon-ms</Extensions>
    </Filter>
    <Filter Include="01. Core">
      <UniqueIdentifier>{b0cb9eca-a843-4911-b794-b7c30c3f3b79}</UniqueIdentifier>
    </Filter>
    <Filter Include="02. Stage">
      <UniqueIdentifier>{dbbe1b38-585e-47f4-a4fb-c88b152b46db}</UniqueIdentifier>
    </Filter>
    <Filter Include="03. Shape">
      <UniqueIdentifier>{8e33c4f1-73c2-4a0e-85a3-e8630d031c94}</UniqueIdentifier>
    </Filter>
  </ItemGroup>
  <ItemGroup>
    <ClCompile Include="main.cpp">
      <Filter>소스 파일</Filter>
    </ClCompile>
    <ClCompile Include="Core.cpp">
      <Filter>01. Core</Filter>
    </ClCompile>
    <ClCompile Include="Stage.cpp">
      <Filter>02. Stage</Filter>
    </ClCompile>
    <ClCompile Include="StageManager.cpp">
      <Filter>02. Stage</Filter>
    </ClCompile>
    <ClCompile Include="Shape.cpp">
      <Filter>03. Shape</Filter>
    </ClCompile>
    <ClCompile Include="Rectangle.cpp">
      <Filter>03. Shape</Filter>
    </ClCompile>
  </ItemGroup>
  <ItemGroup>
    <ClInclude Include="value.h">
      <Filter>헤더 파일</Filter>
    </ClInclude>
    <ClInclude Include="Core.h">
      <Filter>01. Core</Filter>
    </ClInclude>
    <ClInclude Include="Macro.h">
      <Filter>헤더 파일</Filter>
    </ClInclude>
    <ClInclude Include="Stage.h">
      <Filter>02. Stage</Filter>
    </ClInclude>
    <ClInclude Include="StageManager.h">
      <Filter>02. Stage</Filter>
    </ClInclude>
    <ClInclude Include="Shape.h">
      <Filter>03. Shape</Filter>
    </ClInclude>
    <ClInclude Include="Rectangle.h">
      <Filter>03. Shape</Filter>
    </ClInclude>
  </ItemGroup>
</Project>